
Microsoft Visual Studio Solution File, Format Version 12.00
# Visual Studio 15
VisualStudioVersion = 15.0.28010.2016
MinimumVisualStudioVersion = 10.0.40219.1
Project("{FAE04EC0-301F-11D3-BF4B-00C04F79EFBC}") = "BDOLeadTranslationsConverter", "BDOLeadTranslationsConverter\BDOLeadTranslationsConverter.csproj", "{87A07A80-B741-4ABB-8C44-7A14C9EE66E2}"
EndProject
Global
	GlobalSection(SolutionConfigurationPlatforms) = preSolution
		Debug|Any CPU = Debug|Any CPU
		Release|Any CPU = Release|Any CPU
	EndGlobalSection
	GlobalSection(ProjectConfigurationPlatforms) = postSolution
		{87A07A80-B741-4ABB-8C44-7A14C9EE66E2}.Debug|Any CPU.ActiveCfg = Debug|Any CPU
		{87A07A80-B741-4ABB-8C44-7A14C9EE66E2}.Debug|Any CPU.Build.0 = Debug|Any CPU
		{87A07A80-B741-4ABB-8C44-7A14C9EE66E2}.Release|Any CPU.ActiveCfg = Release|Any CPU
		{87A07A80-B741-4ABB-8C44-7A14C9EE66E2}.Release|Any CPU.Build.0 = Release|Any CPU
	EndGlobalSection
	GlobalSection(SolutionProperties) = preSolution
		HideSolutionNode = FALSE
	EndGlobalSection
	GlobalSection(ExtensibilityGlobals) = postSolution
		SolutionGuid = {BE5287D6-3ABE-4282-8D3C-B427BF79C9A8}
	EndGlobalSection
EndGlobal
